// !$*UTF8*$!
{
	archiveVersion = 1;
	classes = {
	};
	objectVersion = 50;
	objects = {

/* Begin PBXBuildFile section */
		6BB02B32217EF36A00D0B2EE /* AppDelegate.swift in Sources */ = {isa = PBXBuildFile; fileRef = 6BB02B31217EF36A00D0B2EE /* AppDelegate.swift */; };
		6BB02B34217EF36A00D0B2EE /* ViewController.swift in Sources */ = {isa = PBXBuildFile; fileRef = 6BB02B33217EF36A00D0B2EE /* ViewController.swift */; };
		6BB02B37217EF36A00D0B2EE /* Main.storyboard in Resources */ = {isa = PBXBuildFile; fileRef = 6BB02B35217EF36A00D0B2EE /* Main.storyboard */; };
		6BB02B39217EF36B00D0B2EE /* Assets.xcassets in Resources */ = {isa = PBXBuildFile; fileRef = 6BB02B38217EF36B00D0B2EE /* Assets.xcassets */; };
		6BB02B3C217EF36B00D0B2EE /* LaunchScreen.storyboard in Resources */ = {isa = PBXBuildFile; fileRef = 6BB02B3A217EF36B00D0B2EE /* LaunchScreen.storyboard */; };
		6BB02B47217EF36B00D0B2EE /* luTests.swift in Sources */ = {isa = PBXBuildFile; fileRef = 6BB02B46217EF36B00D0B2EE /* luTests.swift */; };
		6BB02B52217EF38000D0B2EE /* lu.swift in Sources */ = {isa = PBXBuildFile; fileRef = 6BB02B51217EF38000D0B2EE /* lu.swift */; };
/* End PBXBuildFile section */

/* Begin PBXContainerItemProxy section */
		6BB02B43217EF36B00D0B2EE /* PBXContainerItemProxy */ = {
			isa = PBXContainerItemProxy;
			containerPortal = 6BB02B26217EF36A00D0B2EE /* Project object */;
			proxyType = 1;
			remoteGlobalIDString = 6BB02B2D217EF36A00D0B2EE;
			remoteInfo = lu;
		};
/* End PBXContainerItemProxy section */

/* Begin PBXFileReference section */
		6BB02B2E217EF36A00D0B2EE /* ddoc.app */ = {isa = PBXFileReference; explicitFileType = wrapper.application; includeInIndex = 0; path = ddoc.app; sourceTree = BUILT_PRODUCTS_DIR; };
		6BB02B31217EF36A00D0B2EE /* AppDelegate.swift */ = {isa = PBXFileReference; lastKnownFileType = sourcecode.swift; path = AppDelegate.swift; sourceTree = "<group>"; };
		6BB02B33217EF36A00D0B2EE /* ViewController.swift */ = {isa = PBXFileReference; lastKnownFileType = sourcecode.swift; path = ViewController.swift; sourceTree = "<group>"; };
		6BB02B36217EF36A00D0B2EE /* Base */ = {isa = PBXFileReference; lastKnownFileType = file.storyboard; name = Base; path = Base.lproj/Main.storyboard; sourceTree = "<group>"; };
		6BB02B38217EF36B00D0B2EE /* Assets.xcassets */ = {isa = PBXFileReference; lastKnownFileType = folder.assetcatalog; path = Assets.xcassets; sourceTree = "<group>"; };
		6BB02B3B217EF36B00D0B2EE /* Base */ = {isa = PBXFileReference; lastKnownFileType = file.storyboard; name = Base; path = Base.lproj/LaunchScreen.storyboard; sourceTree = "<group>"; };
		6BB02B3D217EF36B00D0B2EE /* Info.plist */ = {isa = PBXFileReference; lastKnownFileType = text.plist.xml; path = Info.plist; sourceTree = "<group>"; };
		6BB02B42217EF36B00D0B2EE /* ddocTests.xctest */ = {isa = PBXFileReference; explicitFileType = wrapper.cfbundle; includeInIndex = 0; path = ddocTests.xctest; sourceTree = BUILT_PRODUCTS_DIR; };
		6BB02B46217EF36B00D0B2EE /* luTests.swift */ = {isa = PBXFileReference; lastKnownFileType = sourcecode.swift; path = luTests.swift; sourceTree = "<group>"; };
		6BB02B48217EF36B00D0B2EE /* Info.plist */ = {isa = PBXFileReference; lastKnownFileType = text.plist.xml; path = Info.plist; sourceTree = "<group>"; };
		6BB02B51217EF38000D0B2EE /* lu.swift */ = {isa = PBXFileReference; lastKnownFileType = sourcecode.swift; path = lu.swift; sourceTree = "<group>"; };
/* End PBXFileReference section */

/* Begin PBXFrameworksBuildPhase section */
		6BB02B2B217EF36A00D0B2EE /* Frameworks */ = {
			isa = PBXFrameworksBuildPhase;
			buildActionMask = 2147483647;
			files = (
			);
			runOnlyForDeploymentPostprocessing = 0;
		};
		6BB02B3F217EF36B00D0B2EE /* Frameworks */ = {
			isa = PBXFrameworksBuildPhase;
			buildActionMask = 2147483647;
			files = (
			);
			runOnlyForDeploymentPostprocessing = 0;
		};
/* End PBXFrameworksBuildPhase section */

/* Begin PBXGroup section */
		6BB02B25217EF36A00D0B2EE = {
			isa = PBXGroup;
			children = (
				6BB02B30217EF36A00D0B2EE /* lu */,
				6BB02B45217EF36B00D0B2EE /* luTests */,
				6BB02B2F217EF36A00D0B2EE /* Products */,
			);
			sourceTree = "<group>";
		};
		6BB02B2F217EF36A00D0B2EE /* Products */ = {
			isa = PBXGroup;
			children = (
				6BB02B2E217EF36A00D0B2EE /* ddoc.app */,
				6BB02B42217EF36B00D0B2EE /* ddocTests.xctest */,
			);
			name = Products;
			sourceTree = "<group>";
		};
		6BB02B30217EF36A00D0B2EE /* lu */ = {
			isa = PBXGroup;
			children = (
				6BB02B31217EF36A00D0B2EE /* AppDelegate.swift */,
				6BB02B33217EF36A00D0B2EE /* ViewController.swift */,
				6BB02B35217EF36A00D0B2EE /* Main.storyboard */,
				6BB02B38217EF36B00D0B2EE /* Assets.xcassets */,
				6BB02B3A217EF36B00D0B2EE /* LaunchScreen.storyboard */,
				6BB02B3D217EF36B00D0B2EE /* Info.plist */,
				6BB02B51217EF38000D0B2EE /* lu.swift */,
			);
			path = lu;
			sourceTree = "<group>";
		};
		6BB02B45217EF36B00D0B2EE /* luTests */ = {
			isa = PBXGroup;
			children = (
				6BB02B46217EF36B00D0B2EE /* luTests.swift */,
				6BB02B48217EF36B00D0B2EE /* Info.plist */,
			);
			path = luTests;
			sourceTree = "<group>";
		};
/* End PBXGroup section */

/* Begin PBXNativeTarget section */
		6BB02B2D217EF36A00D0B2EE /* ddoc */ = {
			isa = PBXNativeTarget;
			buildConfigurationList = 6BB02B4B217EF36B00D0B2EE /* Build configuration list for PBXNativeTarget "ddoc" */;
			buildPhases = (
				6BB02B2A217EF36A00D0B2EE /* Sources */,
				6BB02B2B217EF36A00D0B2EE /* Frameworks */,
				6BB02B2C217EF36A00D0B2EE /* Resources */,
			);
			buildRules = (
			);
			dependencies = (
			);
			name = ddoc;
			productName = lu;
			productReference = 6BB02B2E217EF36A00D0B2EE /* ddoc.app */;
			productType = "com.apple.product-type.application";
		};
		6BB02B41217EF36B00D0B2EE /* ddocTests */ = {
			isa = PBXNativeTarget;
			buildConfigurationList = 6BB02B4E217EF36B00D0B2EE /* Build configuration list for PBXNativeTarget "ddocTests" */;
			buildPhases = (
				6BB02B3E217EF36B00D0B2EE /* Sources */,
				6BB02B3F217EF36B00D0B2EE /* Frameworks */,
				6BB02B40217EF36B00D0B2EE /* Resources */,
			);
			buildRules = (
			);
			dependencies = (
				6BB02B44217EF36B00D0B2EE /* PBXTargetDependency */,
			);
			name = ddocTests;
			productName = luTests;
			productReference = 6BB02B42217EF36B00D0B2EE /* ddocTests.xctest */;
			productType = "com.apple.product-type.bundle.unit-test";
		};
/* End PBXNativeTarget section */

/* Begin PBXProject section */
		6BB02B26217EF36A00D0B2EE /* Project object */ = {
			isa = PBXProject;
			attributes = {
				LastSwiftUpdateCheck = 0940;
				LastUpgradeCheck = 0940;
				ORGANIZATIONNAME = "Yuan Hua Chao 袁华超";
				TargetAttributes = {
					6BB02B2D217EF36A00D0B2EE = {
						CreatedOnToolsVersion = 9.4.1;
					};
					6BB02B41217EF36B00D0B2EE = {
						CreatedOnToolsVersion = 9.4.1;
						TestTargetID = 6BB02B2D217EF36A00D0B2EE;
					};
				};
			};
			buildConfigurationList = 6BB02B29217EF36A00D0B2EE /* Build configuration list for PBXProject "ddoc" */;
			compatibilityVersion = "Xcode 9.3";
			developmentRegion = en;
			hasScannedForEncodings = 0;
			knownRegions = (
				en,
				Base,
			);
			mainGroup = 6BB02B25217EF36A00D0B2EE;
			productRefGroup = 6BB02B2F217EF36A00D0B2EE /* Products */;
			projectDirPath = "";
			projectRoot = "";
			targets = (
				6BB02B2D217EF36A00D0B2EE /* ddoc */,
				6BB02B41217EF36B00D0B2EE /* ddocTests */,
			);
		};
/* End PBXProject section */

/* Begin PBXResourcesBuildPhase section */
		6BB02B2C217EF36A00D0B2EE /* Resources */ = {
			isa = PBXResourcesBuildPhase;
			buildActionMask = 2147483647;
			files = (
				6BB02B3C217EF36B00D0B2EE /* LaunchScreen.storyboard in Resources */,
				6BB02B39217EF36B00D0B2EE /* Assets.xcassets in Resources */,
				6BB02B37217EF36A00D0B2EE /* Main.storyboard in Resources */,
			);
			runOnlyForDeploymentPostprocessing = 0;
		};
		6BB02B40217EF36B00D0B2EE /* Resources */ = {
			isa = PBXResourcesBuildPhase;
			buildActionMask = 2147483647;
			files = (
			);
			runOnlyForDeploymentPostprocessing = 0;
		};
/* End PBXResourcesBuildPhase section */

/* Begin PBXSourcesBuildPhase section */
		6BB02B2A217EF36A00D0B2EE /* Sources */ = {
			isa = PBXSourcesBuildPhase;
			buildActionMask = 2147483647;
			files = (
				6BB02B34217EF36A00D0B2EE /* ViewController.swift in Sources */,
				6BB02B52217EF38000D0B2EE /* lu.swift in Sources */,
				6BB02B32217EF36A00D0B2EE /* AppDelegate.swift in Sources */,
			);
			runOnlyForDeploymentPostprocessing = 0;
		};
		6BB02B3E217EF36B00D0B2EE /* Sources */ = {
			isa = PBXSourcesBuildPhase;
			buildActionMask = 2147483647;
			files = (
				6BB02B47217EF36B00D0B2EE /* luTests.swift in Sources */,
			);
			runOnlyForDeploymentPostprocessing = 0;
		};
/* End PBXSourcesBuildPhase section */

/* Begin PBXTargetDependency section */
		6BB02B44217EF36B00D0B2EE /* PBXTargetDependency */ = {
			isa = PBXTargetDependency;
			target = 6BB02B2D217EF36A00D0B2EE /* ddoc */;
			targetProxy = 6BB02B43217EF36B00D0B2EE /* PBXContainerItemProxy */;
		};
/* End PBXTargetDependency section */

/* Begin PBXVariantGroup section */
		6BB02B35217EF36A00D0B2EE /* Main.storyboard */ = {
			isa = PBXVariantGroup;
			children = (
				6BB02B36217EF36A00D0B2EE /* Base */,
			);
			name = Main.storyboard;
			sourceTree = "<group>";
		};
		6BB02B3A217EF36B00D0B2EE /* LaunchScreen.storyboard */ = {
			isa = PBXVariantGroup;
			children = (
				6BB02B3B217EF36B00D0B2EE /* Base */,
			);
			name = LaunchScreen.storyboard;
			sourceTree = "<group>";
		};
/* End PBXVariantGroup section */

/* Begin XCBuildConfiguration section */
		6BB02B49217EF36B00D0B2EE /* Debug */ = {
			isa = XCBuildConfiguration;
			buildSettings = {
				ALWAYS_SEARCH_USER_PATHS = NO;
				CLANG_ANALYZER_NONNULL = YES;
				CLANG_ANALYZER_NUMBER_OBJECT_CONVERSION = YES_AGGRESSIVE;
				CLANG_CXX_LANGUAGE_STANDARD = "gnu++14";
				CLANG_CXX_LIBRARY = "libc++";
				CLANG_ENABLE_MODULES = YES;
				CLANG_ENABLE_OBJC_ARC = YES;
				CLANG_ENABLE_OBJC_WEAK = YES;
				CLANG_WARN_BLOCK_CAPTURE_AUTORELEASING = YES;
				CLANG_WARN_BOOL_CONVERSION = YES;
				CLANG_WARN_COMMA = YES;
				CLANG_WARN_CONSTANT_CONVERSION = YES;
				CLANG_WARN_DEPRECATED_OBJC_IMPLEMENTATIONS = YES;
				CLANG_WARN_DIRECT_OBJC_ISA_USAGE = YES_ERROR;
				CLANG_WARN_DOCUMENTATION_COMMENTS = YES;
				CLANG_WARN_EMPTY_BODY = YES;
				CLANG_WARN_ENUM_CONVERSION = YES;
				CLANG_WARN_INFINITE_RECURSION = YES;
				CLANG_WARN_INT_CONVERSION = YES;
				CLANG_WARN_NON_LITERAL_NULL_CONVERSION = YES;
				CLANG_WARN_OBJC_IMPLICIT_RETAIN_SELF = YES;
				CLANG_WARN_OBJC_LITERAL_CONVERSION = YES;
				CLANG_WARN_OBJC_ROOT_CLASS = YES_ERROR;
				CLANG_WARN_RANGE_LOOP_ANALYSIS = YES;
				CLANG_WARN_STRICT_PROTOTYPES = YES;
				CLANG_WARN_SUSPICIOUS_MOVE = YES;
				CLANG_WARN_UNGUARDED_AVAILABILITY = YES_AGGRESSIVE;
				CLANG_WARN_UNREACHABLE_CODE = YES;
				CLANG_WARN__DUPLICATE_METHOD_MATCH = YES;
				CODE_SIGN_IDENTITY = "iPhone Developer";
				COPY_PHASE_STRIP = NO;
				DEBUG_INFORMATION_FORMAT = dwarf;
				ENABLE_STRICT_OBJC_MSGSEND = YES;
				ENABLE_TESTABILITY = YES;
				GCC_C_LANGUAGE_STANDARD = gnu11;
				GCC_DYNAMIC_NO_PIC = NO;
				GCC_NO_COMMON_BLOCKS = YES;
				GCC_OPTIMIZATION_LEVEL = 0;
				GCC_PREPROCESSOR_DEFINITIONS = (
					"DEBUG=1",
					"$(inherited)",
				);
				GCC_WARN_64_TO_32_BIT_CONVERSION = YES;
				GCC_WARN_ABOUT_RETURN_TYPE = YES_ERROR;
				GCC_WARN_UNDECLARED_SELECTOR = YES;
				GCC_WARN_UNINITIALIZED_AUTOS = YES_AGGRESSIVE;
				GCC_WARN_UNUSED_FUNCTION = YES;
				GCC_WARN_UNUSED_VARIABLE = YES;
				IPHONEOS_DEPLOYMENT_TARGET = 11.4;
				MTL_ENABLE_DEBUG_INFO = YES;
				ONLY_ACTIVE_ARCH = YES;
				SDKROOT = iphoneos;
				SWIFT_ACTIVE_COMPILATION_CONDITIONS = DEBUG;
				SWIFT_OPTIMIZATION_LEVEL = "-Onone";
			};
			name = Debug;
		};
		6BB02B4A217EF36B00D0B2EE /* Release */ = {
			isa = XCBuildConfiguration;
			buildSettings = {
				ALWAYS_SEARCH_USER_PATHS = NO;
				CLANG_ANALYZER_NONNULL = YES;
				CLANG_ANALYZER_NUMBER_OBJECT_CONVERSION = YES_AGGRESSIVE;
				CLANG_CXX_LANGUAGE_STANDARD = "gnu++14";
				CLANG_CXX_LIBRARY = "libc++";
				CLANG_ENABLE_MODULES = YES;
				CLANG_ENABLE_OBJC_ARC = YES;
				CLANG_ENABLE_OBJC_WEAK = YES;
				CLANG_WARN_BLOCK_CAPTURE_AUTORELEASING = YES;
				CLANG_WARN_BOOL_CONVERSION = YES;
				CLANG_WARN_COMMA = YES;
				CLANG_WARN_CONSTANT_CONVERSION = YES;
				CLANG_WARN_DEPRECATED_OBJC_IMPLEMENTATIONS = YES;
				CLANG_WARN_DIRECT_OBJC_ISA_USAGE = YES_ERROR;
				CLANG_WARN_DOCUMENTATION_COMMENTS = YES;
				CLANG_WARN_EMPTY_BODY = YES;
				CLANG_WARN_ENUM_CONVERSION = YES;
				CLANG_WARN_INFINITE_RECURSION = YES;
				CLANG_WARN_INT_CONVERSION = YES;
				CLANG_WARN_NON_LITERAL_NULL_CONVERSION = YES;
				CLANG_WARN_OBJC_IMPLICIT_RETAIN_SELF = YES;
				CLANG_WARN_OBJC_LITERAL_CONVERSION = YES;
				CLANG_WARN_OBJC_ROOT_CLASS = YES_ERROR;
				CLANG_WARN_RANGE_LOOP_ANALYSIS = YES;
				CLANG_WARN_STRICT_PROTOTYPES = YES;
				CLANG_WARN_SUSPICIOUS_MOVE = YES;
				CLANG_WARN_UNGUARDED_AVAILABILITY = YES_AGGRESSIVE;
				CLANG_WARN_UNREACHABLE_CODE = YES;
				CLANG_WARN__DUPLICATE_METHOD_MATCH = YES;
				CODE_SIGN_IDENTITY = "iPhone Developer";
				COPY_PHASE_STRIP = NO;
				DEBUG_INFORMATION_FORMAT = "dwarf-with-dsym";
				ENABLE_NS_ASSERTIONS = NO;
				ENABLE_STRICT_OBJC_MSGSEND = YES;
				GCC_C_LANGUAGE_STANDARD = gnu11;
				GCC_NO_COMMON_BLOCKS = YES;
				GCC_WARN_64_TO_32_BIT_CONVERSION = YES;
				GCC_WARN_ABOUT_RETURN_TYPE = YES_ERROR;
				GCC_WARN_UNDECLARED_SELECTOR = YES;
				GCC_WARN_UNINITIALIZED_AUTOS = YES_AGGRESSIVE;
				GCC_WARN_UNUSED_FUNCTION = YES;
				GCC_WARN_UNUSED_VARIABLE = YES;
				IPHONEOS_DEPLOYMENT_TARGET = 11.4;
				MTL_ENABLE_DEBUG_INFO = NO;
				SDKROOT = iphoneos;
				SWIFT_COMPILATION_MODE = wholemodule;
				SWIFT_OPTIMIZATION_LEVEL = "-O";
				VALIDATE_PRODUCT = YES;
			};
			name = Release;
		};
		6BB02B4C217EF36B00D0B2EE /* Debug */ = {
			isa = XCBuildConfiguration;
			buildSettings = {
				ASSETCATALOG_COMPILER_APPICON_NAME = AppIcon;
				CODE_SIGN_STYLE = Automatic;
				DEVELOPMENT_TEAM = FGQL4DAEKC;
				INFOPLIST_FILE = lu/Info.plist;
				LD_RUNPATH_SEARCH_PATHS = (
					"$(inherited)",
					"@executable_path/Frameworks",
				);
				PRODUCT_BUNDLE_IDENTIFIER = "algo-swift.lu";
				PRODUCT_NAME = "$(TARGET_NAME)";
				SWIFT_VERSION = 4.0;
				TARGETED_DEVICE_FAMILY = "1,2";
			};
			name = Debug;
		};
		6BB02B4D217EF36B00D0B2EE /* Release */ = {
			isa = XCBuildConfiguration;
			buildSettings = {
				ASSETCATALOG_COMPILER_APPICON_NAME = AppIcon;
				CODE_SIGN_STYLE = Automatic;
				DEVELOPMENT_TEAM = FGQL4DAEKC;
				INFOPLIST_FILE = lu/Info.plist;
				LD_RUNPATH_SEARCH_PATHS = (
					"$(inherited)",
					"@executable_path/Frameworks",
				);
				PRODUCT_BUNDLE_IDENTIFIER = "algo-swift.lu";
				PRODUCT_NAME = "$(TARGET_NAME)";
				SWIFT_VERSION = 4.0;
				TARGETED_DEVICE_FAMILY = "1,2";
			};
			name = Release;
		};
		6BB02B4F217EF36B00D0B2EE /* Debug */ = {
			isa = XCBuildConfiguration;
			buildSettings = {
				ALWAYS_EMBED_SWIFT_STANDARD_LIBRARIES = YES;
				BUNDLE_LOADER = "$(TEST_HOST)";
				CODE_SIGN_STYLE = Automatic;
				DEVELOPMENT_TEAM = FGQL4DAEKC;
				INFOPLIST_FILE = luTests/Info.plist;
				LD_RUNPATH_SEARCH_PATHS = (
					"$(inherited)",
					"@executable_path/Frameworks",
					"@loader_path/Frameworks",
				);
				PRODUCT_BUNDLE_IDENTIFIER = "algo-swift.luTests";
				PRODUCT_NAME = "$(TARGET_NAME)";
				SWIFT_VERSION = 4.0;
				TARGETED_DEVICE_FAMILY = "1,2";
				TEST_HOST = "$(BUILT_PRODUCTS_DIR)/ddoc.app/ddoc";
			};
			name = Debug;
		};
		6BB02B50217EF36B00D0B2EE /* Release */ = {
			isa = XCBuildConfiguration;
			buildSettings = {
				ALWAYS_EMBED_SWIFT_STANDARD_LIBRARIES = YES;
				BUNDLE_LOADER = "$(TEST_HOST)";
				CODE_SIGN_STYLE = Automatic;
				DEVELOPMENT_TEAM = FGQL4DAEKC;
				INFOPLIST_FILE = luTests/Info.plist;
				LD_RUNPATH_SEARCH_PATHS = (
					"$(inherited)",
					"@executable_path/Frameworks",
					"@loader_path/Frameworks",
				);
				PRODUCT_BUNDLE_IDENTIFIER = "algo-swift.luTests";
				PRODUCT_NAME = "$(TARGET_NAME)";
				SWIFT_VERSION = 4.0;
				TARGETED_DEVICE_FAMILY = "1,2";
				TEST_HOST = "$(BUILT_PRODUCTS_DIR)/ddoc.app/ddoc";
			};
			name = Release;
		};
/* End XCBuildConfiguration section */

/* Begin XCConfigurationList section */
		6BB02B29217EF36A00D0B2EE /* Build configuration list for PBXProject "ddoc" */ = {
			isa = XCConfigurationList;
			buildConfigurations = (
				6BB02B49217EF36B00D0B2EE /* Debug */,
				6BB02B4A217EF36B00D0B2EE /* Release */,
			);
			defaultConfigurationIsVisible = 0;
			defaultConfigurationName = Release;
		};
		6BB02B4B217EF36B00D0B2EE /* Build configuration list for PBXNativeTarget "ddoc" */ = {
			isa = XCConfigurationList;
			buildConfigurations = (
				6BB02B4C217EF36B00D0B2EE /* Debug */,
				6BB02B4D217EF36B00D0B2EE /* Release */,
			);
			defaultConfigurationIsVisible = 0;
			defaultConfigurationName = Release;
		};
		6BB02B4E217EF36B00D0B2EE /* Build configuration list for PBXNativeTarget "ddocTests" */ = {
			isa = XCConfigurationList;
			buildConfigurations = (
				6BB02B4F217EF36B00D0B2EE /* Debug */,
				6BB02B50217EF36B00D0B2EE /* Release */,
			);
			defaultConfigurationIsVisible = 0;
			defaultConfigurationName = Release;
		};
/* End XCConfigurationList section */
	};
	rootObject = 6BB02B26217EF36A00D0B2EE /* Project object */;
}
