// !$*UTF8*$!
{
	archiveVersion = 1;
	classes = {
	};
	objectVersion = 50;
	objects = {

/* Begin PBXBuildFile section */
		6BBB5A80216F40BA00429DB7 /* AppDelegate.swift in Sources */ = {isa = PBXBuildFile; fileRef = 6BBB5A7F216F40BA00429DB7 /* AppDelegate.swift */; };
		6BBB5A82216F40BA00429DB7 /* ViewController.swift in Sources */ = {isa = PBXBuildFile; fileRef = 6BBB5A81216F40BA00429DB7 /* ViewController.swift */; };
		6BBB5A85216F40BA00429DB7 /* Main.storyboard in Resources */ = {isa = PBXBuildFile; fileRef = 6BBB5A83216F40BA00429DB7 /* Main.storyboard */; };
		6BBB5A87216F40BB00429DB7 /* Assets.xcassets in Resources */ = {isa = PBXBuildFile; fileRef = 6BBB5A86216F40BB00429DB7 /* Assets.xcassets */; };
		6BBB5A8A216F40BB00429DB7 /* LaunchScreen.storyboard in Resources */ = {isa = PBXBuildFile; fileRef = 6BBB5A88216F40BB00429DB7 /* LaunchScreen.storyboard */; };
		6BBB5A95216F40BB00429DB7 /* ssTests.swift in Sources */ = {isa = PBXBuildFile; fileRef = 6BBB5A94216F40BB00429DB7 /* ssTests.swift */; };
		6BBB5AA0216F40F300429DB7 /* linkedList.swift in Sources */ = {isa = PBXBuildFile; fileRef = 6BBB5A9F216F40F300429DB7 /* linkedList.swift */; };
/* End PBXBuildFile section */

/* Begin PBXContainerItemProxy section */
		6BBB5A91216F40BB00429DB7 /* PBXContainerItemProxy */ = {
			isa = PBXContainerItemProxy;
			containerPortal = 6BBB5A74216F40BA00429DB7 /* Project object */;
			proxyType = 1;
			remoteGlobalIDString = 6BBB5A7B216F40BA00429DB7;
			remoteInfo = ss;
		};
/* End PBXContainerItemProxy section */

/* Begin PBXFileReference section */
		6BBB5A7C216F40BA00429DB7 /* linkedList.app */ = {isa = PBXFileReference; explicitFileType = wrapper.application; includeInIndex = 0; path = linkedList.app; sourceTree = BUILT_PRODUCTS_DIR; };
		6BBB5A7F216F40BA00429DB7 /* AppDelegate.swift */ = {isa = PBXFileReference; lastKnownFileType = sourcecode.swift; path = AppDelegate.swift; sourceTree = "<group>"; };
		6BBB5A81216F40BA00429DB7 /* ViewController.swift */ = {isa = PBXFileReference; lastKnownFileType = sourcecode.swift; path = ViewController.swift; sourceTree = "<group>"; };
		6BBB5A84216F40BA00429DB7 /* Base */ = {isa = PBXFileReference; lastKnownFileType = file.storyboard; name = Base; path = Base.lproj/Main.storyboard; sourceTree = "<group>"; };
		6BBB5A86216F40BB00429DB7 /* Assets.xcassets */ = {isa = PBXFileReference; lastKnownFileType = folder.assetcatalog; path = Assets.xcassets; sourceTree = "<group>"; };
		6BBB5A89216F40BB00429DB7 /* Base */ = {isa = PBXFileReference; lastKnownFileType = file.storyboard; name = Base; path = Base.lproj/LaunchScreen.storyboard; sourceTree = "<group>"; };
		6BBB5A8B216F40BB00429DB7 /* Info.plist */ = {isa = PBXFileReference; lastKnownFileType = text.plist.xml; path = Info.plist; sourceTree = "<group>"; };
		6BBB5A90216F40BB00429DB7 /* linkedListTests.xctest */ = {isa = PBXFileReference; explicitFileType = wrapper.cfbundle; includeInIndex = 0; path = linkedListTests.xctest; sourceTree = BUILT_PRODUCTS_DIR; };
		6BBB5A94216F40BB00429DB7 /* ssTests.swift */ = {isa = PBXFileReference; lastKnownFileType = sourcecode.swift; path = ssTests.swift; sourceTree = "<group>"; };
		6BBB5A96216F40BB00429DB7 /* Info.plist */ = {isa = PBXFileReference; lastKnownFileType = text.plist.xml; path = Info.plist; sourceTree = "<group>"; };
		6BBB5A9F216F40F300429DB7 /* linkedList.swift */ = {isa = PBXFileReference; fileEncoding = 4; lastKnownFileType = sourcecode.swift; path = linkedList.swift; sourceTree = "<group>"; };
/* End PBXFileReference section */

/* Begin PBXFrameworksBuildPhase section */
		6BBB5A79216F40BA00429DB7 /* Frameworks */ = {
			isa = PBXFrameworksBuildPhase;
			buildActionMask = 2147483647;
			files = (
			);
			runOnlyForDeploymentPostprocessing = 0;
		};
		6BBB5A8D216F40BB00429DB7 /* Frameworks */ = {
			isa = PBXFrameworksBuildPhase;
			buildActionMask = 2147483647;
			files = (
			);
			runOnlyForDeploymentPostprocessing = 0;
		};
/* End PBXFrameworksBuildPhase section */

/* Begin PBXGroup section */
		6BBB5A73216F40BA00429DB7 = {
			isa = PBXGroup;
			children = (
				6BBB5A7E216F40BA00429DB7 /* linkedList */,
				6BBB5A93216F40BB00429DB7 /* ssTests */,
				6BBB5A7D216F40BA00429DB7 /* Products */,
			);
			sourceTree = "<group>";
		};
		6BBB5A7D216F40BA00429DB7 /* Products */ = {
			isa = PBXGroup;
			children = (
				6BBB5A7C216F40BA00429DB7 /* linkedList.app */,
				6BBB5A90216F40BB00429DB7 /* linkedListTests.xctest */,
			);
			name = Products;
			sourceTree = "<group>";
		};
		6BBB5A7E216F40BA00429DB7 /* linkedList */ = {
			isa = PBXGroup;
			children = (
				6BBB5A7F216F40BA00429DB7 /* AppDelegate.swift */,
				6BBB5A81216F40BA00429DB7 /* ViewController.swift */,
				6BBB5A9F216F40F300429DB7 /* linkedList.swift */,
				6BBB5A83216F40BA00429DB7 /* Main.storyboard */,
				6BBB5A86216F40BB00429DB7 /* Assets.xcassets */,
				6BBB5A88216F40BB00429DB7 /* LaunchScreen.storyboard */,
				6BBB5A8B216F40BB00429DB7 /* Info.plist */,
			);
			path = linkedList;
			sourceTree = "<group>";
		};
		6BBB5A93216F40BB00429DB7 /* ssTests */ = {
			isa = PBXGroup;
			children = (
				6BBB5A94216F40BB00429DB7 /* ssTests.swift */,
				6BBB5A96216F40BB00429DB7 /* Info.plist */,
			);
			path = ssTests;
			sourceTree = "<group>";
		};
/* End PBXGroup section */

/* Begin PBXNativeTarget section */
		6BBB5A7B216F40BA00429DB7 /* linkedList */ = {
			isa = PBXNativeTarget;
			buildConfigurationList = 6BBB5A99216F40BB00429DB7 /* Build configuration list for PBXNativeTarget "linkedList" */;
			buildPhases = (
				6BBB5A78216F40BA00429DB7 /* Sources */,
				6BBB5A79216F40BA00429DB7 /* Frameworks */,
				6BBB5A7A216F40BA00429DB7 /* Resources */,
			);
			buildRules = (
			);
			dependencies = (
			);
			name = linkedList;
			productName = ss;
			productReference = 6BBB5A7C216F40BA00429DB7 /* linkedList.app */;
			productType = "com.apple.product-type.application";
		};
		6BBB5A8F216F40BB00429DB7 /* linkedListTests */ = {
			isa = PBXNativeTarget;
			buildConfigurationList = 6BBB5A9C216F40BB00429DB7 /* Build configuration list for PBXNativeTarget "linkedListTests" */;
			buildPhases = (
				6BBB5A8C216F40BB00429DB7 /* Sources */,
				6BBB5A8D216F40BB00429DB7 /* Frameworks */,
				6BBB5A8E216F40BB00429DB7 /* Resources */,
			);
			buildRules = (
			);
			dependencies = (
				6BBB5A92216F40BB00429DB7 /* PBXTargetDependency */,
			);
			name = linkedListTests;
			productName = ssTests;
			productReference = 6BBB5A90216F40BB00429DB7 /* linkedListTests.xctest */;
			productType = "com.apple.product-type.bundle.unit-test";
		};
/* End PBXNativeTarget section */

/* Begin PBXProject section */
		6BBB5A74216F40BA00429DB7 /* Project object */ = {
			isa = PBXProject;
			attributes = {
				LastSwiftUpdateCheck = 0940;
				LastUpgradeCheck = 0940;
				ORGANIZATIONNAME = "Yuan Hua Chao 袁华超";
				TargetAttributes = {
					6BBB5A7B216F40BA00429DB7 = {
						CreatedOnToolsVersion = 9.4.1;
					};
					6BBB5A8F216F40BB00429DB7 = {
						CreatedOnToolsVersion = 9.4.1;
						TestTargetID = 6BBB5A7B216F40BA00429DB7;
					};
				};
			};
			buildConfigurationList = 6BBB5A77216F40BA00429DB7 /* Build configuration list for PBXProject "linkedList" */;
			compatibilityVersion = "Xcode 9.3";
			developmentRegion = en;
			hasScannedForEncodings = 0;
			knownRegions = (
				en,
				Base,
			);
			mainGroup = 6BBB5A73216F40BA00429DB7;
			productRefGroup = 6BBB5A7D216F40BA00429DB7 /* Products */;
			projectDirPath = "";
			projectRoot = "";
			targets = (
				6BBB5A7B216F40BA00429DB7 /* linkedList */,
				6BBB5A8F216F40BB00429DB7 /* linkedListTests */,
			);
		};
/* End PBXProject section */

/* Begin PBXResourcesBuildPhase section */
		6BBB5A7A216F40BA00429DB7 /* Resources */ = {
			isa = PBXResourcesBuildPhase;
			buildActionMask = 2147483647;
			files = (
				6BBB5A8A216F40BB00429DB7 /* LaunchScreen.storyboard in Resources */,
				6BBB5A87216F40BB00429DB7 /* Assets.xcassets in Resources */,
				6BBB5A85216F40BA00429DB7 /* Main.storyboard in Resources */,
			);
			runOnlyForDeploymentPostprocessing = 0;
		};
		6BBB5A8E216F40BB00429DB7 /* Resources */ = {
			isa = PBXResourcesBuildPhase;
			buildActionMask = 2147483647;
			files = (
			);
			runOnlyForDeploymentPostprocessing = 0;
		};
/* End PBXResourcesBuildPhase section */

/* Begin PBXSourcesBuildPhase section */
		6BBB5A78216F40BA00429DB7 /* Sources */ = {
			isa = PBXSourcesBuildPhase;
			buildActionMask = 2147483647;
			files = (
				6BBB5A82216F40BA00429DB7 /* ViewController.swift in Sources */,
				6BBB5AA0216F40F300429DB7 /* linkedList.swift in Sources */,
				6BBB5A80216F40BA00429DB7 /* AppDelegate.swift in Sources */,
			);
			runOnlyForDeploymentPostprocessing = 0;
		};
		6BBB5A8C216F40BB00429DB7 /* Sources */ = {
			isa = PBXSourcesBuildPhase;
			buildActionMask = 2147483647;
			files = (
				6BBB5A95216F40BB00429DB7 /* ssTests.swift in Sources */,
			);
			runOnlyForDeploymentPostprocessing = 0;
		};
/* End PBXSourcesBuildPhase section */

/* Begin PBXTargetDependency section */
		6BBB5A92216F40BB00429DB7 /* PBXTargetDependency */ = {
			isa = PBXTargetDependency;
			target = 6BBB5A7B216F40BA00429DB7 /* linkedList */;
			targetProxy = 6BBB5A91216F40BB00429DB7 /* PBXContainerItemProxy */;
		};
/* End PBXTargetDependency section */

/* Begin PBXVariantGroup section */
		6BBB5A83216F40BA00429DB7 /* Main.storyboard */ = {
			isa = PBXVariantGroup;
			children = (
				6BBB5A84216F40BA00429DB7 /* Base */,
			);
			name = Main.storyboard;
			sourceTree = "<group>";
		};
		6BBB5A88216F40BB00429DB7 /* LaunchScreen.storyboard */ = {
			isa = PBXVariantGroup;
			children = (
				6BBB5A89216F40BB00429DB7 /* Base */,
			);
			name = LaunchScreen.storyboard;
			sourceTree = "<group>";
		};
/* End PBXVariantGroup section */

/* Begin XCBuildConfiguration section */
		6BBB5A97216F40BB00429DB7 /* Debug */ = {
			isa = XCBuildConfiguration;
			buildSettings = {
				ALWAYS_SEARCH_USER_PATHS = NO;
				CLANG_ANALYZER_NONNULL = YES;
				CLANG_ANALYZER_NUMBER_OBJECT_CONVERSION = YES_AGGRESSIVE;
				CLANG_CXX_LANGUAGE_STANDARD = "gnu++14";
				CLANG_CXX_LIBRARY = "libc++";
				CLANG_ENABLE_MODULES = YES;
				CLANG_ENABLE_OBJC_ARC = YES;
				CLANG_ENABLE_OBJC_WEAK = YES;
				CLANG_WARN_BLOCK_CAPTURE_AUTORELEASING = YES;
				CLANG_WARN_BOOL_CONVERSION = YES;
				CLANG_WARN_COMMA = YES;
				CLANG_WARN_CONSTANT_CONVERSION = YES;
				CLANG_WARN_DEPRECATED_OBJC_IMPLEMENTATIONS = YES;
				CLANG_WARN_DIRECT_OBJC_ISA_USAGE = YES_ERROR;
				CLANG_WARN_DOCUMENTATION_COMMENTS = YES;
				CLANG_WARN_EMPTY_BODY = YES;
				CLANG_WARN_ENUM_CONVERSION = YES;
				CLANG_WARN_INFINITE_RECURSION = YES;
				CLANG_WARN_INT_CONVERSION = YES;
				CLANG_WARN_NON_LITERAL_NULL_CONVERSION = YES;
				CLANG_WARN_OBJC_IMPLICIT_RETAIN_SELF = YES;
				CLANG_WARN_OBJC_LITERAL_CONVERSION = YES;
				CLANG_WARN_OBJC_ROOT_CLASS = YES_ERROR;
				CLANG_WARN_RANGE_LOOP_ANALYSIS = YES;
				CLANG_WARN_STRICT_PROTOTYPES = YES;
				CLANG_WARN_SUSPICIOUS_MOVE = YES;
				CLANG_WARN_UNGUARDED_AVAILABILITY = YES_AGGRESSIVE;
				CLANG_WARN_UNREACHABLE_CODE = YES;
				CLANG_WARN__DUPLICATE_METHOD_MATCH = YES;
				CODE_SIGN_IDENTITY = "iPhone Developer";
				COPY_PHASE_STRIP = NO;
				DEBUG_INFORMATION_FORMAT = dwarf;
				ENABLE_STRICT_OBJC_MSGSEND = YES;
				ENABLE_TESTABILITY = YES;
				GCC_C_LANGUAGE_STANDARD = gnu11;
				GCC_DYNAMIC_NO_PIC = NO;
				GCC_NO_COMMON_BLOCKS = YES;
				GCC_OPTIMIZATION_LEVEL = 0;
				GCC_PREPROCESSOR_DEFINITIONS = (
					"DEBUG=1",
					"$(inherited)",
				);
				GCC_WARN_64_TO_32_BIT_CONVERSION = YES;
				GCC_WARN_ABOUT_RETURN_TYPE = YES_ERROR;
				GCC_WARN_UNDECLARED_SELECTOR = YES;
				GCC_WARN_UNINITIALIZED_AUTOS = YES_AGGRESSIVE;
				GCC_WARN_UNUSED_FUNCTION = YES;
				GCC_WARN_UNUSED_VARIABLE = YES;
				IPHONEOS_DEPLOYMENT_TARGET = 11.4;
				MTL_ENABLE_DEBUG_INFO = YES;
				ONLY_ACTIVE_ARCH = YES;
				SDKROOT = iphoneos;
				SWIFT_ACTIVE_COMPILATION_CONDITIONS = DEBUG;
				SWIFT_OPTIMIZATION_LEVEL = "-Onone";
			};
			name = Debug;
		};
		6BBB5A98216F40BB00429DB7 /* Release */ = {
			isa = XCBuildConfiguration;
			buildSettings = {
				ALWAYS_SEARCH_USER_PATHS = NO;
				CLANG_ANALYZER_NONNULL = YES;
				CLANG_ANALYZER_NUMBER_OBJECT_CONVERSION = YES_AGGRESSIVE;
				CLANG_CXX_LANGUAGE_STANDARD = "gnu++14";
				CLANG_CXX_LIBRARY = "libc++";
				CLANG_ENABLE_MODULES = YES;
				CLANG_ENABLE_OBJC_ARC = YES;
				CLANG_ENABLE_OBJC_WEAK = YES;
				CLANG_WARN_BLOCK_CAPTURE_AUTORELEASING = YES;
				CLANG_WARN_BOOL_CONVERSION = YES;
				CLANG_WARN_COMMA = YES;
				CLANG_WARN_CONSTANT_CONVERSION = YES;
				CLANG_WARN_DEPRECATED_OBJC_IMPLEMENTATIONS = YES;
				CLANG_WARN_DIRECT_OBJC_ISA_USAGE = YES_ERROR;
				CLANG_WARN_DOCUMENTATION_COMMENTS = YES;
				CLANG_WARN_EMPTY_BODY = YES;
				CLANG_WARN_ENUM_CONVERSION = YES;
				CLANG_WARN_INFINITE_RECURSION = YES;
				CLANG_WARN_INT_CONVERSION = YES;
				CLANG_WARN_NON_LITERAL_NULL_CONVERSION = YES;
				CLANG_WARN_OBJC_IMPLICIT_RETAIN_SELF = YES;
				CLANG_WARN_OBJC_LITERAL_CONVERSION = YES;
				CLANG_WARN_OBJC_ROOT_CLASS = YES_ERROR;
				CLANG_WARN_RANGE_LOOP_ANALYSIS = YES;
				CLANG_WARN_STRICT_PROTOTYPES = YES;
				CLANG_WARN_SUSPICIOUS_MOVE = YES;
				CLANG_WARN_UNGUARDED_AVAILABILITY = YES_AGGRESSIVE;
				CLANG_WARN_UNREACHABLE_CODE = YES;
				CLANG_WARN__DUPLICATE_METHOD_MATCH = YES;
				CODE_SIGN_IDENTITY = "iPhone Developer";
				COPY_PHASE_STRIP = NO;
				DEBUG_INFORMATION_FORMAT = "dwarf-with-dsym";
				ENABLE_NS_ASSERTIONS = NO;
				ENABLE_STRICT_OBJC_MSGSEND = YES;
				GCC_C_LANGUAGE_STANDARD = gnu11;
				GCC_NO_COMMON_BLOCKS = YES;
				GCC_WARN_64_TO_32_BIT_CONVERSION = YES;
				GCC_WARN_ABOUT_RETURN_TYPE = YES_ERROR;
				GCC_WARN_UNDECLARED_SELECTOR = YES;
				GCC_WARN_UNINITIALIZED_AUTOS = YES_AGGRESSIVE;
				GCC_WARN_UNUSED_FUNCTION = YES;
				GCC_WARN_UNUSED_VARIABLE = YES;
				IPHONEOS_DEPLOYMENT_TARGET = 11.4;
				MTL_ENABLE_DEBUG_INFO = NO;
				SDKROOT = iphoneos;
				SWIFT_COMPILATION_MODE = wholemodule;
				SWIFT_OPTIMIZATION_LEVEL = "-O";
				VALIDATE_PRODUCT = YES;
			};
			name = Release;
		};
		6BBB5A9A216F40BB00429DB7 /* Debug */ = {
			isa = XCBuildConfiguration;
			buildSettings = {
				ASSETCATALOG_COMPILER_APPICON_NAME = AppIcon;
				CODE_SIGN_STYLE = Automatic;
				DEVELOPMENT_TEAM = 49BE748F6Z;
				INFOPLIST_FILE = linkedList/Info.plist;
				LD_RUNPATH_SEARCH_PATHS = (
					"$(inherited)",
					"@executable_path/Frameworks",
				);
				PRODUCT_BUNDLE_IDENTIFIER = "com.ddoc.professional-ipad";
				PRODUCT_NAME = "$(TARGET_NAME)";
				SWIFT_VERSION = 4.0;
				TARGETED_DEVICE_FAMILY = "1,2";
			};
			name = Debug;
		};
		6BBB5A9B216F40BB00429DB7 /* Release */ = {
			isa = XCBuildConfiguration;
			buildSettings = {
				ASSETCATALOG_COMPILER_APPICON_NAME = AppIcon;
				CODE_SIGN_STYLE = Automatic;
				DEVELOPMENT_TEAM = 49BE748F6Z;
				INFOPLIST_FILE = linkedList/Info.plist;
				LD_RUNPATH_SEARCH_PATHS = (
					"$(inherited)",
					"@executable_path/Frameworks",
				);
				PRODUCT_BUNDLE_IDENTIFIER = "com.ddoc.professional-ipad";
				PRODUCT_NAME = "$(TARGET_NAME)";
				SWIFT_VERSION = 4.0;
				TARGETED_DEVICE_FAMILY = "1,2";
			};
			name = Release;
		};
		6BBB5A9D216F40BB00429DB7 /* Debug */ = {
			isa = XCBuildConfiguration;
			buildSettings = {
				ALWAYS_EMBED_SWIFT_STANDARD_LIBRARIES = YES;
				BUNDLE_LOADER = "$(TEST_HOST)";
				CODE_SIGN_STYLE = Automatic;
				DEVELOPMENT_TEAM = FGQL4DAEKC;
				INFOPLIST_FILE = ssTests/Info.plist;
				LD_RUNPATH_SEARCH_PATHS = (
					"$(inherited)",
					"@executable_path/Frameworks",
					"@loader_path/Frameworks",
				);
				PRODUCT_BUNDLE_IDENTIFIER = "algo-swift.ssTests";
				PRODUCT_NAME = "$(TARGET_NAME)";
				SWIFT_VERSION = 4.0;
				TARGETED_DEVICE_FAMILY = "1,2";
				TEST_HOST = "$(BUILT_PRODUCTS_DIR)/linkedList.app/linkedList";
			};
			name = Debug;
		};
		6BBB5A9E216F40BB00429DB7 /* Release */ = {
			isa = XCBuildConfiguration;
			buildSettings = {
				ALWAYS_EMBED_SWIFT_STANDARD_LIBRARIES = YES;
				BUNDLE_LOADER = "$(TEST_HOST)";
				CODE_SIGN_STYLE = Automatic;
				DEVELOPMENT_TEAM = FGQL4DAEKC;
				INFOPLIST_FILE = ssTests/Info.plist;
				LD_RUNPATH_SEARCH_PATHS = (
					"$(inherited)",
					"@executable_path/Frameworks",
					"@loader_path/Frameworks",
				);
				PRODUCT_BUNDLE_IDENTIFIER = "algo-swift.ssTests";
				PRODUCT_NAME = "$(TARGET_NAME)";
				SWIFT_VERSION = 4.0;
				TARGETED_DEVICE_FAMILY = "1,2";
				TEST_HOST = "$(BUILT_PRODUCTS_DIR)/linkedList.app/linkedList";
			};
			name = Release;
		};
/* End XCBuildConfiguration section */

/* Begin XCConfigurationList section */
		6BBB5A77216F40BA00429DB7 /* Build configuration list for PBXProject "linkedList" */ = {
			isa = XCConfigurationList;
			buildConfigurations = (
				6BBB5A97216F40BB00429DB7 /* Debug */,
				6BBB5A98216F40BB00429DB7 /* Release */,
			);
			defaultConfigurationIsVisible = 0;
			defaultConfigurationName = Release;
		};
		6BBB5A99216F40BB00429DB7 /* Build configuration list for PBXNativeTarget "linkedList" */ = {
			isa = XCConfigurationList;
			buildConfigurations = (
				6BBB5A9A216F40BB00429DB7 /* Debug */,
				6BBB5A9B216F40BB00429DB7 /* Release */,
			);
			defaultConfigurationIsVisible = 0;
			defaultConfigurationName = Release;
		};
		6BBB5A9C216F40BB00429DB7 /* Build configuration list for PBXNativeTarget "linkedListTests" */ = {
			isa = XCConfigurationList;
			buildConfigurations = (
				6BBB5A9D216F40BB00429DB7 /* Debug */,
				6BBB5A9E216F40BB00429DB7 /* Release */,
			);
			defaultConfigurationIsVisible = 0;
			defaultConfigurationName = Release;
		};
/* End XCConfigurationList section */
	};
	rootObject = 6BBB5A74216F40BA00429DB7 /* Project object */;
}
