// !$*UTF8*$!
{
	archiveVersion = 1;
	classes = {
	};
	objectVersion = 50;
	objects = {

/* Begin PBXBuildFile section */
		6BBB5A14216DA8FF00429DB7 /* AppDelegate.swift in Sources */ = {isa = PBXBuildFile; fileRef = 6BBB5A13216DA8FF00429DB7 /* AppDelegate.swift */; };
		6BBB5A16216DA90100429DB7 /* Assets.xcassets in Resources */ = {isa = PBXBuildFile; fileRef = 6BBB5A15216DA90100429DB7 /* Assets.xcassets */; };
		6BBB5A19216DA90100429DB7 /* MainMenu.xib in Resources */ = {isa = PBXBuildFile; fileRef = 6BBB5A17216DA90100429DB7 /* MainMenu.xib */; };
		6BBB5A25216DA90200429DB7 /* _9_CircleQueueTests.swift in Sources */ = {isa = PBXBuildFile; fileRef = 6BBB5A24216DA90200429DB7 /* _9_CircleQueueTests.swift */; };
		6BBB5A30216DA96300429DB7 /* CircleQueue.swift in Sources */ = {isa = PBXBuildFile; fileRef = 6BBB5A2F216DA96300429DB7 /* CircleQueue.swift */; };
/* End PBXBuildFile section */

/* Begin PBXContainerItemProxy section */
		6BBB5A21216DA90200429DB7 /* PBXContainerItemProxy */ = {
			isa = PBXContainerItemProxy;
			containerPortal = 6BBB5A08216DA8FF00429DB7 /* Project object */;
			proxyType = 1;
			remoteGlobalIDString = 6BBB5A0F216DA8FF00429DB7;
			remoteInfo = 09_CircleQueue;
		};
/* End PBXContainerItemProxy section */

/* Begin PBXFileReference section */
		6BBB5A10216DA8FF00429DB7 /* 09_CircleQueue.app */ = {isa = PBXFileReference; explicitFileType = wrapper.application; includeInIndex = 0; path = 09_CircleQueue.app; sourceTree = BUILT_PRODUCTS_DIR; };
		6BBB5A13216DA8FF00429DB7 /* AppDelegate.swift */ = {isa = PBXFileReference; lastKnownFileType = sourcecode.swift; path = AppDelegate.swift; sourceTree = "<group>"; };
		6BBB5A15216DA90100429DB7 /* Assets.xcassets */ = {isa = PBXFileReference; lastKnownFileType = folder.assetcatalog; path = Assets.xcassets; sourceTree = "<group>"; };
		6BBB5A18216DA90100429DB7 /* Base */ = {isa = PBXFileReference; lastKnownFileType = file.xib; name = Base; path = Base.lproj/MainMenu.xib; sourceTree = "<group>"; };
		6BBB5A1A216DA90100429DB7 /* Info.plist */ = {isa = PBXFileReference; lastKnownFileType = text.plist.xml; path = Info.plist; sourceTree = "<group>"; };
		6BBB5A1B216DA90100429DB7 /* _9_CircleQueue.entitlements */ = {isa = PBXFileReference; lastKnownFileType = text.plist.entitlements; path = _9_CircleQueue.entitlements; sourceTree = "<group>"; };
		6BBB5A20216DA90200429DB7 /* 09_CircleQueueTests.xctest */ = {isa = PBXFileReference; explicitFileType = wrapper.cfbundle; includeInIndex = 0; path = 09_CircleQueueTests.xctest; sourceTree = BUILT_PRODUCTS_DIR; };
		6BBB5A24216DA90200429DB7 /* _9_CircleQueueTests.swift */ = {isa = PBXFileReference; lastKnownFileType = sourcecode.swift; path = _9_CircleQueueTests.swift; sourceTree = "<group>"; };
		6BBB5A26216DA90200429DB7 /* Info.plist */ = {isa = PBXFileReference; lastKnownFileType = text.plist.xml; path = Info.plist; sourceTree = "<group>"; };
		6BBB5A2F216DA96300429DB7 /* CircleQueue.swift */ = {isa = PBXFileReference; lastKnownFileType = sourcecode.swift; path = CircleQueue.swift; sourceTree = "<group>"; };
/* End PBXFileReference section */

/* Begin PBXFrameworksBuildPhase section */
		6BBB5A0D216DA8FF00429DB7 /* Frameworks */ = {
			isa = PBXFrameworksBuildPhase;
			buildActionMask = 2147483647;
			files = (
			);
			runOnlyForDeploymentPostprocessing = 0;
		};
		6BBB5A1D216DA90200429DB7 /* Frameworks */ = {
			isa = PBXFrameworksBuildPhase;
			buildActionMask = 2147483647;
			files = (
			);
			runOnlyForDeploymentPostprocessing = 0;
		};
/* End PBXFrameworksBuildPhase section */

/* Begin PBXGroup section */
		6BBB5A07216DA8FF00429DB7 = {
			isa = PBXGroup;
			children = (
				6BBB5A12216DA8FF00429DB7 /* 09_CircleQueue */,
				6BBB5A23216DA90200429DB7 /* 09_CircleQueueTests */,
				6BBB5A11216DA8FF00429DB7 /* Products */,
			);
			sourceTree = "<group>";
		};
		6BBB5A11216DA8FF00429DB7 /* Products */ = {
			isa = PBXGroup;
			children = (
				6BBB5A10216DA8FF00429DB7 /* 09_CircleQueue.app */,
				6BBB5A20216DA90200429DB7 /* 09_CircleQueueTests.xctest */,
			);
			name = Products;
			sourceTree = "<group>";
		};
		6BBB5A12216DA8FF00429DB7 /* 09_CircleQueue */ = {
			isa = PBXGroup;
			children = (
				6BBB5A13216DA8FF00429DB7 /* AppDelegate.swift */,
				6BBB5A15216DA90100429DB7 /* Assets.xcassets */,
				6BBB5A17216DA90100429DB7 /* MainMenu.xib */,
				6BBB5A1A216DA90100429DB7 /* Info.plist */,
				6BBB5A1B216DA90100429DB7 /* _9_CircleQueue.entitlements */,
				6BBB5A2F216DA96300429DB7 /* CircleQueue.swift */,
			);
			path = 09_CircleQueue;
			sourceTree = "<group>";
		};
		6BBB5A23216DA90200429DB7 /* 09_CircleQueueTests */ = {
			isa = PBXGroup;
			children = (
				6BBB5A24216DA90200429DB7 /* _9_CircleQueueTests.swift */,
				6BBB5A26216DA90200429DB7 /* Info.plist */,
			);
			path = 09_CircleQueueTests;
			sourceTree = "<group>";
		};
/* End PBXGroup section */

/* Begin PBXNativeTarget section */
		6BBB5A0F216DA8FF00429DB7 /* 09_CircleQueue */ = {
			isa = PBXNativeTarget;
			buildConfigurationList = 6BBB5A29216DA90200429DB7 /* Build configuration list for PBXNativeTarget "09_CircleQueue" */;
			buildPhases = (
				6BBB5A0C216DA8FF00429DB7 /* Sources */,
				6BBB5A0D216DA8FF00429DB7 /* Frameworks */,
				6BBB5A0E216DA8FF00429DB7 /* Resources */,
			);
			buildRules = (
			);
			dependencies = (
			);
			name = 09_CircleQueue;
			productName = 09_CircleQueue;
			productReference = 6BBB5A10216DA8FF00429DB7 /* 09_CircleQueue.app */;
			productType = "com.apple.product-type.application";
		};
		6BBB5A1F216DA90200429DB7 /* 09_CircleQueueTests */ = {
			isa = PBXNativeTarget;
			buildConfigurationList = 6BBB5A2C216DA90200429DB7 /* Build configuration list for PBXNativeTarget "09_CircleQueueTests" */;
			buildPhases = (
				6BBB5A1C216DA90200429DB7 /* Sources */,
				6BBB5A1D216DA90200429DB7 /* Frameworks */,
				6BBB5A1E216DA90200429DB7 /* Resources */,
			);
			buildRules = (
			);
			dependencies = (
				6BBB5A22216DA90200429DB7 /* PBXTargetDependency */,
			);
			name = 09_CircleQueueTests;
			productName = 09_CircleQueueTests;
			productReference = 6BBB5A20216DA90200429DB7 /* 09_CircleQueueTests.xctest */;
			productType = "com.apple.product-type.bundle.unit-test";
		};
/* End PBXNativeTarget section */

/* Begin PBXProject section */
		6BBB5A08216DA8FF00429DB7 /* Project object */ = {
			isa = PBXProject;
			attributes = {
				LastSwiftUpdateCheck = 0940;
				LastUpgradeCheck = 0940;
				ORGANIZATIONNAME = "Yuan Hua Chao 袁华超";
				TargetAttributes = {
					6BBB5A0F216DA8FF00429DB7 = {
						CreatedOnToolsVersion = 9.4.1;
					};
					6BBB5A1F216DA90200429DB7 = {
						CreatedOnToolsVersion = 9.4.1;
						TestTargetID = 6BBB5A0F216DA8FF00429DB7;
					};
				};
			};
			buildConfigurationList = 6BBB5A0B216DA8FF00429DB7 /* Build configuration list for PBXProject "09_CircleQueue" */;
			compatibilityVersion = "Xcode 9.3";
			developmentRegion = en;
			hasScannedForEncodings = 0;
			knownRegions = (
				en,
				Base,
			);
			mainGroup = 6BBB5A07216DA8FF00429DB7;
			productRefGroup = 6BBB5A11216DA8FF00429DB7 /* Products */;
			projectDirPath = "";
			projectRoot = "";
			targets = (
				6BBB5A0F216DA8FF00429DB7 /* 09_CircleQueue */,
				6BBB5A1F216DA90200429DB7 /* 09_CircleQueueTests */,
			);
		};
/* End PBXProject section */

/* Begin PBXResourcesBuildPhase section */
		6BBB5A0E216DA8FF00429DB7 /* Resources */ = {
			isa = PBXResourcesBuildPhase;
			buildActionMask = 2147483647;
			files = (
				6BBB5A16216DA90100429DB7 /* Assets.xcassets in Resources */,
				6BBB5A19216DA90100429DB7 /* MainMenu.xib in Resources */,
			);
			runOnlyForDeploymentPostprocessing = 0;
		};
		6BBB5A1E216DA90200429DB7 /* Resources */ = {
			isa = PBXResourcesBuildPhase;
			buildActionMask = 2147483647;
			files = (
			);
			runOnlyForDeploymentPostprocessing = 0;
		};
/* End PBXResourcesBuildPhase section */

/* Begin PBXSourcesBuildPhase section */
		6BBB5A0C216DA8FF00429DB7 /* Sources */ = {
			isa = PBXSourcesBuildPhase;
			buildActionMask = 2147483647;
			files = (
				6BBB5A14216DA8FF00429DB7 /* AppDelegate.swift in Sources */,
				6BBB5A30216DA96300429DB7 /* CircleQueue.swift in Sources */,
			);
			runOnlyForDeploymentPostprocessing = 0;
		};
		6BBB5A1C216DA90200429DB7 /* Sources */ = {
			isa = PBXSourcesBuildPhase;
			buildActionMask = 2147483647;
			files = (
				6BBB5A25216DA90200429DB7 /* _9_CircleQueueTests.swift in Sources */,
			);
			runOnlyForDeploymentPostprocessing = 0;
		};
/* End PBXSourcesBuildPhase section */

/* Begin PBXTargetDependency section */
		6BBB5A22216DA90200429DB7 /* PBXTargetDependency */ = {
			isa = PBXTargetDependency;
			target = 6BBB5A0F216DA8FF00429DB7 /* 09_CircleQueue */;
			targetProxy = 6BBB5A21216DA90200429DB7 /* PBXContainerItemProxy */;
		};
/* End PBXTargetDependency section */

/* Begin PBXVariantGroup section */
		6BBB5A17216DA90100429DB7 /* MainMenu.xib */ = {
			isa = PBXVariantGroup;
			children = (
				6BBB5A18216DA90100429DB7 /* Base */,
			);
			name = MainMenu.xib;
			sourceTree = "<group>";
		};
/* End PBXVariantGroup section */

/* Begin XCBuildConfiguration section */
		6BBB5A27216DA90200429DB7 /* Debug */ = {
			isa = XCBuildConfiguration;
			buildSettings = {
				ALWAYS_SEARCH_USER_PATHS = NO;
				CLANG_ANALYZER_NONNULL = YES;
				CLANG_ANALYZER_NUMBER_OBJECT_CONVERSION = YES_AGGRESSIVE;
				CLANG_CXX_LANGUAGE_STANDARD = "gnu++14";
				CLANG_CXX_LIBRARY = "libc++";
				CLANG_ENABLE_MODULES = YES;
				CLANG_ENABLE_OBJC_ARC = YES;
				CLANG_ENABLE_OBJC_WEAK = YES;
				CLANG_WARN_BLOCK_CAPTURE_AUTORELEASING = YES;
				CLANG_WARN_BOOL_CONVERSION = YES;
				CLANG_WARN_COMMA = YES;
				CLANG_WARN_CONSTANT_CONVERSION = YES;
				CLANG_WARN_DEPRECATED_OBJC_IMPLEMENTATIONS = YES;
				CLANG_WARN_DIRECT_OBJC_ISA_USAGE = YES_ERROR;
				CLANG_WARN_DOCUMENTATION_COMMENTS = YES;
				CLANG_WARN_EMPTY_BODY = YES;
				CLANG_WARN_ENUM_CONVERSION = YES;
				CLANG_WARN_INFINITE_RECURSION = YES;
				CLANG_WARN_INT_CONVERSION = YES;
				CLANG_WARN_NON_LITERAL_NULL_CONVERSION = YES;
				CLANG_WARN_OBJC_IMPLICIT_RETAIN_SELF = YES;
				CLANG_WARN_OBJC_LITERAL_CONVERSION = YES;
				CLANG_WARN_OBJC_ROOT_CLASS = YES_ERROR;
				CLANG_WARN_RANGE_LOOP_ANALYSIS = YES;
				CLANG_WARN_STRICT_PROTOTYPES = YES;
				CLANG_WARN_SUSPICIOUS_MOVE = YES;
				CLANG_WARN_UNGUARDED_AVAILABILITY = YES_AGGRESSIVE;
				CLANG_WARN_UNREACHABLE_CODE = YES;
				CLANG_WARN__DUPLICATE_METHOD_MATCH = YES;
				CODE_SIGN_IDENTITY = "Mac Developer";
				COPY_PHASE_STRIP = NO;
				DEBUG_INFORMATION_FORMAT = dwarf;
				ENABLE_STRICT_OBJC_MSGSEND = YES;
				ENABLE_TESTABILITY = YES;
				GCC_C_LANGUAGE_STANDARD = gnu11;
				GCC_DYNAMIC_NO_PIC = NO;
				GCC_NO_COMMON_BLOCKS = YES;
				GCC_OPTIMIZATION_LEVEL = 0;
				GCC_PREPROCESSOR_DEFINITIONS = (
					"DEBUG=1",
					"$(inherited)",
				);
				GCC_WARN_64_TO_32_BIT_CONVERSION = YES;
				GCC_WARN_ABOUT_RETURN_TYPE = YES_ERROR;
				GCC_WARN_UNDECLARED_SELECTOR = YES;
				GCC_WARN_UNINITIALIZED_AUTOS = YES_AGGRESSIVE;
				GCC_WARN_UNUSED_FUNCTION = YES;
				GCC_WARN_UNUSED_VARIABLE = YES;
				MACOSX_DEPLOYMENT_TARGET = 10.13;
				MTL_ENABLE_DEBUG_INFO = YES;
				ONLY_ACTIVE_ARCH = YES;
				SDKROOT = macosx;
				SWIFT_ACTIVE_COMPILATION_CONDITIONS = DEBUG;
				SWIFT_OPTIMIZATION_LEVEL = "-Onone";
			};
			name = Debug;
		};
		6BBB5A28216DA90200429DB7 /* Release */ = {
			isa = XCBuildConfiguration;
			buildSettings = {
				ALWAYS_SEARCH_USER_PATHS = NO;
				CLANG_ANALYZER_NONNULL = YES;
				CLANG_ANALYZER_NUMBER_OBJECT_CONVERSION = YES_AGGRESSIVE;
				CLANG_CXX_LANGUAGE_STANDARD = "gnu++14";
				CLANG_CXX_LIBRARY = "libc++";
				CLANG_ENABLE_MODULES = YES;
				CLANG_ENABLE_OBJC_ARC = YES;
				CLANG_ENABLE_OBJC_WEAK = YES;
				CLANG_WARN_BLOCK_CAPTURE_AUTORELEASING = YES;
				CLANG_WARN_BOOL_CONVERSION = YES;
				CLANG_WARN_COMMA = YES;
				CLANG_WARN_CONSTANT_CONVERSION = YES;
				CLANG_WARN_DEPRECATED_OBJC_IMPLEMENTATIONS = YES;
				CLANG_WARN_DIRECT_OBJC_ISA_USAGE = YES_ERROR;
				CLANG_WARN_DOCUMENTATION_COMMENTS = YES;
				CLANG_WARN_EMPTY_BODY = YES;
				CLANG_WARN_ENUM_CONVERSION = YES;
				CLANG_WARN_INFINITE_RECURSION = YES;
				CLANG_WARN_INT_CONVERSION = YES;
				CLANG_WARN_NON_LITERAL_NULL_CONVERSION = YES;
				CLANG_WARN_OBJC_IMPLICIT_RETAIN_SELF = YES;
				CLANG_WARN_OBJC_LITERAL_CONVERSION = YES;
				CLANG_WARN_OBJC_ROOT_CLASS = YES_ERROR;
				CLANG_WARN_RANGE_LOOP_ANALYSIS = YES;
				CLANG_WARN_STRICT_PROTOTYPES = YES;
				CLANG_WARN_SUSPICIOUS_MOVE = YES;
				CLANG_WARN_UNGUARDED_AVAILABILITY = YES_AGGRESSIVE;
				CLANG_WARN_UNREACHABLE_CODE = YES;
				CLANG_WARN__DUPLICATE_METHOD_MATCH = YES;
				CODE_SIGN_IDENTITY = "Mac Developer";
				COPY_PHASE_STRIP = NO;
				DEBUG_INFORMATION_FORMAT = "dwarf-with-dsym";
				ENABLE_NS_ASSERTIONS = NO;
				ENABLE_STRICT_OBJC_MSGSEND = YES;
				GCC_C_LANGUAGE_STANDARD = gnu11;
				GCC_NO_COMMON_BLOCKS = YES;
				GCC_WARN_64_TO_32_BIT_CONVERSION = YES;
				GCC_WARN_ABOUT_RETURN_TYPE = YES_ERROR;
				GCC_WARN_UNDECLARED_SELECTOR = YES;
				GCC_WARN_UNINITIALIZED_AUTOS = YES_AGGRESSIVE;
				GCC_WARN_UNUSED_FUNCTION = YES;
				GCC_WARN_UNUSED_VARIABLE = YES;
				MACOSX_DEPLOYMENT_TARGET = 10.13;
				MTL_ENABLE_DEBUG_INFO = NO;
				SDKROOT = macosx;
				SWIFT_COMPILATION_MODE = wholemodule;
				SWIFT_OPTIMIZATION_LEVEL = "-O";
			};
			name = Release;
		};
		6BBB5A2A216DA90200429DB7 /* Debug */ = {
			isa = XCBuildConfiguration;
			buildSettings = {
				ASSETCATALOG_COMPILER_APPICON_NAME = AppIcon;
				CODE_SIGN_ENTITLEMENTS = 09_CircleQueue/_9_CircleQueue.entitlements;
				CODE_SIGN_STYLE = Automatic;
				COMBINE_HIDPI_IMAGES = YES;
				DEVELOPMENT_TEAM = FGQL4DAEKC;
				INFOPLIST_FILE = 09_CircleQueue/Info.plist;
				LD_RUNPATH_SEARCH_PATHS = (
					"$(inherited)",
					"@executable_path/../Frameworks",
				);
				PRODUCT_BUNDLE_IDENTIFIER = "algo-swift.-9-CircleQueue";
				PRODUCT_NAME = "$(TARGET_NAME)";
				SWIFT_VERSION = 4.0;
			};
			name = Debug;
		};
		6BBB5A2B216DA90200429DB7 /* Release */ = {
			isa = XCBuildConfiguration;
			buildSettings = {
				ASSETCATALOG_COMPILER_APPICON_NAME = AppIcon;
				CODE_SIGN_ENTITLEMENTS = 09_CircleQueue/_9_CircleQueue.entitlements;
				CODE_SIGN_STYLE = Automatic;
				COMBINE_HIDPI_IMAGES = YES;
				DEVELOPMENT_TEAM = FGQL4DAEKC;
				INFOPLIST_FILE = 09_CircleQueue/Info.plist;
				LD_RUNPATH_SEARCH_PATHS = (
					"$(inherited)",
					"@executable_path/../Frameworks",
				);
				PRODUCT_BUNDLE_IDENTIFIER = "algo-swift.-9-CircleQueue";
				PRODUCT_NAME = "$(TARGET_NAME)";
				SWIFT_VERSION = 4.0;
			};
			name = Release;
		};
		6BBB5A2D216DA90200429DB7 /* Debug */ = {
			isa = XCBuildConfiguration;
			buildSettings = {
				ALWAYS_EMBED_SWIFT_STANDARD_LIBRARIES = YES;
				BUNDLE_LOADER = "$(TEST_HOST)";
				CODE_SIGN_STYLE = Automatic;
				COMBINE_HIDPI_IMAGES = YES;
				DEVELOPMENT_TEAM = FGQL4DAEKC;
				INFOPLIST_FILE = 09_CircleQueueTests/Info.plist;
				LD_RUNPATH_SEARCH_PATHS = (
					"$(inherited)",
					"@executable_path/../Frameworks",
					"@loader_path/../Frameworks",
				);
				PRODUCT_BUNDLE_IDENTIFIER = "algo-swift.-9-CircleQueueTests";
				PRODUCT_NAME = "$(TARGET_NAME)";
				SWIFT_VERSION = 4.0;
				TEST_HOST = "$(BUILT_PRODUCTS_DIR)/09_CircleQueue.app/Contents/MacOS/09_CircleQueue";
			};
			name = Debug;
		};
		6BBB5A2E216DA90200429DB7 /* Release */ = {
			isa = XCBuildConfiguration;
			buildSettings = {
				ALWAYS_EMBED_SWIFT_STANDARD_LIBRARIES = YES;
				BUNDLE_LOADER = "$(TEST_HOST)";
				CODE_SIGN_STYLE = Automatic;
				COMBINE_HIDPI_IMAGES = YES;
				DEVELOPMENT_TEAM = FGQL4DAEKC;
				INFOPLIST_FILE = 09_CircleQueueTests/Info.plist;
				LD_RUNPATH_SEARCH_PATHS = (
					"$(inherited)",
					"@executable_path/../Frameworks",
					"@loader_path/../Frameworks",
				);
				PRODUCT_BUNDLE_IDENTIFIER = "algo-swift.-9-CircleQueueTests";
				PRODUCT_NAME = "$(TARGET_NAME)";
				SWIFT_VERSION = 4.0;
				TEST_HOST = "$(BUILT_PRODUCTS_DIR)/09_CircleQueue.app/Contents/MacOS/09_CircleQueue";
			};
			name = Release;
		};
/* End XCBuildConfiguration section */

/* Begin XCConfigurationList section */
		6BBB5A0B216DA8FF00429DB7 /* Build configuration list for PBXProject "09_CircleQueue" */ = {
			isa = XCConfigurationList;
			buildConfigurations = (
				6BBB5A27216DA90200429DB7 /* Debug */,
				6BBB5A28216DA90200429DB7 /* Release */,
			);
			defaultConfigurationIsVisible = 0;
			defaultConfigurationName = Release;
		};
		6BBB5A29216DA90200429DB7 /* Build configuration list for PBXNativeTarget "09_CircleQueue" */ = {
			isa = XCConfigurationList;
			buildConfigurations = (
				6BBB5A2A216DA90200429DB7 /* Debug */,
				6BBB5A2B216DA90200429DB7 /* Release */,
			);
			defaultConfigurationIsVisible = 0;
			defaultConfigurationName = Release;
		};
		6BBB5A2C216DA90200429DB7 /* Build configuration list for PBXNativeTarget "09_CircleQueueTests" */ = {
			isa = XCConfigurationList;
			buildConfigurations = (
				6BBB5A2D216DA90200429DB7 /* Debug */,
				6BBB5A2E216DA90200429DB7 /* Release */,
			);
			defaultConfigurationIsVisible = 0;
			defaultConfigurationName = Release;
		};
/* End XCConfigurationList section */
	};
	rootObject = 6BBB5A08216DA8FF00429DB7 /* Project object */;
}
