// !$*UTF8*$!
{
	archiveVersion = 1;
	classes = {
	};
	objectVersion = 50;
	objects = {

/* Begin PBXBuildFile section */
		6BB1BAEB2189491700AA9286 /* AppDelegate.swift in Sources */ = {isa = PBXBuildFile; fileRef = 6BB1BAEA2189491700AA9286 /* AppDelegate.swift */; };
		6BB1BAED2189491700AA9286 /* ViewController.swift in Sources */ = {isa = PBXBuildFile; fileRef = 6BB1BAEC2189491700AA9286 /* ViewController.swift */; };
		6BB1BAF02189491700AA9286 /* Main.storyboard in Resources */ = {isa = PBXBuildFile; fileRef = 6BB1BAEE2189491700AA9286 /* Main.storyboard */; };
		6BB1BAF22189491800AA9286 /* Assets.xcassets in Resources */ = {isa = PBXBuildFile; fileRef = 6BB1BAF12189491800AA9286 /* Assets.xcassets */; };
		6BB1BAF52189491900AA9286 /* LaunchScreen.storyboard in Resources */ = {isa = PBXBuildFile; fileRef = 6BB1BAF32189491900AA9286 /* LaunchScreen.storyboard */; };
		6BB1BB002189491900AA9286 /* skipListTests.swift in Sources */ = {isa = PBXBuildFile; fileRef = 6BB1BAFF2189491900AA9286 /* skipListTests.swift */; };
		6BB1BB0B2189492D00AA9286 /* sList.swift in Sources */ = {isa = PBXBuildFile; fileRef = 6BB1BB0A2189492D00AA9286 /* sList.swift */; };
/* End PBXBuildFile section */

/* Begin PBXContainerItemProxy section */
		6BB1BAFC2189491900AA9286 /* PBXContainerItemProxy */ = {
			isa = PBXContainerItemProxy;
			containerPortal = 6BB1BADF2189491700AA9286 /* Project object */;
			proxyType = 1;
			remoteGlobalIDString = 6BB1BAE62189491700AA9286;
			remoteInfo = skipList;
		};
/* End PBXContainerItemProxy section */

/* Begin PBXFileReference section */
		6BB1BAE72189491700AA9286 /* skipList.app */ = {isa = PBXFileReference; explicitFileType = wrapper.application; includeInIndex = 0; path = skipList.app; sourceTree = BUILT_PRODUCTS_DIR; };
		6BB1BAEA2189491700AA9286 /* AppDelegate.swift */ = {isa = PBXFileReference; lastKnownFileType = sourcecode.swift; path = AppDelegate.swift; sourceTree = "<group>"; };
		6BB1BAEC2189491700AA9286 /* ViewController.swift */ = {isa = PBXFileReference; lastKnownFileType = sourcecode.swift; path = ViewController.swift; sourceTree = "<group>"; };
		6BB1BAEF2189491700AA9286 /* Base */ = {isa = PBXFileReference; lastKnownFileType = file.storyboard; name = Base; path = Base.lproj/Main.storyboard; sourceTree = "<group>"; };
		6BB1BAF12189491800AA9286 /* Assets.xcassets */ = {isa = PBXFileReference; lastKnownFileType = folder.assetcatalog; path = Assets.xcassets; sourceTree = "<group>"; };
		6BB1BAF42189491900AA9286 /* Base */ = {isa = PBXFileReference; lastKnownFileType = file.storyboard; name = Base; path = Base.lproj/LaunchScreen.storyboard; sourceTree = "<group>"; };
		6BB1BAF62189491900AA9286 /* Info.plist */ = {isa = PBXFileReference; lastKnownFileType = text.plist.xml; path = Info.plist; sourceTree = "<group>"; };
		6BB1BAFB2189491900AA9286 /* skipListTests.xctest */ = {isa = PBXFileReference; explicitFileType = wrapper.cfbundle; includeInIndex = 0; path = skipListTests.xctest; sourceTree = BUILT_PRODUCTS_DIR; };
		6BB1BAFF2189491900AA9286 /* skipListTests.swift */ = {isa = PBXFileReference; lastKnownFileType = sourcecode.swift; path = skipListTests.swift; sourceTree = "<group>"; };
		6BB1BB012189491900AA9286 /* Info.plist */ = {isa = PBXFileReference; lastKnownFileType = text.plist.xml; path = Info.plist; sourceTree = "<group>"; };
		6BB1BB0A2189492D00AA9286 /* sList.swift */ = {isa = PBXFileReference; lastKnownFileType = sourcecode.swift; path = sList.swift; sourceTree = "<group>"; };
/* End PBXFileReference section */

/* Begin PBXFrameworksBuildPhase section */
		6BB1BAE42189491700AA9286 /* Frameworks */ = {
			isa = PBXFrameworksBuildPhase;
			buildActionMask = 2147483647;
			files = (
			);
			runOnlyForDeploymentPostprocessing = 0;
		};
		6BB1BAF82189491900AA9286 /* Frameworks */ = {
			isa = PBXFrameworksBuildPhase;
			buildActionMask = 2147483647;
			files = (
			);
			runOnlyForDeploymentPostprocessing = 0;
		};
/* End PBXFrameworksBuildPhase section */

/* Begin PBXGroup section */
		6BB1BADE2189491700AA9286 = {
			isa = PBXGroup;
			children = (
				6BB1BAE92189491700AA9286 /* skipList */,
				6BB1BAFE2189491900AA9286 /* skipListTests */,
				6BB1BAE82189491700AA9286 /* Products */,
			);
			sourceTree = "<group>";
		};
		6BB1BAE82189491700AA9286 /* Products */ = {
			isa = PBXGroup;
			children = (
				6BB1BAE72189491700AA9286 /* skipList.app */,
				6BB1BAFB2189491900AA9286 /* skipListTests.xctest */,
			);
			name = Products;
			sourceTree = "<group>";
		};
		6BB1BAE92189491700AA9286 /* skipList */ = {
			isa = PBXGroup;
			children = (
				6BB1BAEA2189491700AA9286 /* AppDelegate.swift */,
				6BB1BAEC2189491700AA9286 /* ViewController.swift */,
				6BB1BAEE2189491700AA9286 /* Main.storyboard */,
				6BB1BAF12189491800AA9286 /* Assets.xcassets */,
				6BB1BAF32189491900AA9286 /* LaunchScreen.storyboard */,
				6BB1BAF62189491900AA9286 /* Info.plist */,
				6BB1BB0A2189492D00AA9286 /* sList.swift */,
			);
			path = skipList;
			sourceTree = "<group>";
		};
		6BB1BAFE2189491900AA9286 /* skipListTests */ = {
			isa = PBXGroup;
			children = (
				6BB1BAFF2189491900AA9286 /* skipListTests.swift */,
				6BB1BB012189491900AA9286 /* Info.plist */,
			);
			path = skipListTests;
			sourceTree = "<group>";
		};
/* End PBXGroup section */

/* Begin PBXNativeTarget section */
		6BB1BAE62189491700AA9286 /* skipList */ = {
			isa = PBXNativeTarget;
			buildConfigurationList = 6BB1BB042189491900AA9286 /* Build configuration list for PBXNativeTarget "skipList" */;
			buildPhases = (
				6BB1BAE32189491700AA9286 /* Sources */,
				6BB1BAE42189491700AA9286 /* Frameworks */,
				6BB1BAE52189491700AA9286 /* Resources */,
			);
			buildRules = (
			);
			dependencies = (
			);
			name = skipList;
			productName = skipList;
			productReference = 6BB1BAE72189491700AA9286 /* skipList.app */;
			productType = "com.apple.product-type.application";
		};
		6BB1BAFA2189491900AA9286 /* skipListTests */ = {
			isa = PBXNativeTarget;
			buildConfigurationList = 6BB1BB072189491900AA9286 /* Build configuration list for PBXNativeTarget "skipListTests" */;
			buildPhases = (
				6BB1BAF72189491900AA9286 /* Sources */,
				6BB1BAF82189491900AA9286 /* Frameworks */,
				6BB1BAF92189491900AA9286 /* Resources */,
			);
			buildRules = (
			);
			dependencies = (
				6BB1BAFD2189491900AA9286 /* PBXTargetDependency */,
			);
			name = skipListTests;
			productName = skipListTests;
			productReference = 6BB1BAFB2189491900AA9286 /* skipListTests.xctest */;
			productType = "com.apple.product-type.bundle.unit-test";
		};
/* End PBXNativeTarget section */

/* Begin PBXProject section */
		6BB1BADF2189491700AA9286 /* Project object */ = {
			isa = PBXProject;
			attributes = {
				LastSwiftUpdateCheck = 1000;
				LastUpgradeCheck = 1000;
				ORGANIZATIONNAME = "Yuan Hua Chao 袁华超";
				TargetAttributes = {
					6BB1BAE62189491700AA9286 = {
						CreatedOnToolsVersion = 10.0;
					};
					6BB1BAFA2189491900AA9286 = {
						CreatedOnToolsVersion = 10.0;
						TestTargetID = 6BB1BAE62189491700AA9286;
					};
				};
			};
			buildConfigurationList = 6BB1BAE22189491700AA9286 /* Build configuration list for PBXProject "skipList" */;
			compatibilityVersion = "Xcode 9.3";
			developmentRegion = en;
			hasScannedForEncodings = 0;
			knownRegions = (
				en,
				Base,
			);
			mainGroup = 6BB1BADE2189491700AA9286;
			productRefGroup = 6BB1BAE82189491700AA9286 /* Products */;
			projectDirPath = "";
			projectRoot = "";
			targets = (
				6BB1BAE62189491700AA9286 /* skipList */,
				6BB1BAFA2189491900AA9286 /* skipListTests */,
			);
		};
/* End PBXProject section */

/* Begin PBXResourcesBuildPhase section */
		6BB1BAE52189491700AA9286 /* Resources */ = {
			isa = PBXResourcesBuildPhase;
			buildActionMask = 2147483647;
			files = (
				6BB1BAF52189491900AA9286 /* LaunchScreen.storyboard in Resources */,
				6BB1BAF22189491800AA9286 /* Assets.xcassets in Resources */,
				6BB1BAF02189491700AA9286 /* Main.storyboard in Resources */,
			);
			runOnlyForDeploymentPostprocessing = 0;
		};
		6BB1BAF92189491900AA9286 /* Resources */ = {
			isa = PBXResourcesBuildPhase;
			buildActionMask = 2147483647;
			files = (
			);
			runOnlyForDeploymentPostprocessing = 0;
		};
/* End PBXResourcesBuildPhase section */

/* Begin PBXSourcesBuildPhase section */
		6BB1BAE32189491700AA9286 /* Sources */ = {
			isa = PBXSourcesBuildPhase;
			buildActionMask = 2147483647;
			files = (
				6BB1BB0B2189492D00AA9286 /* sList.swift in Sources */,
				6BB1BAED2189491700AA9286 /* ViewController.swift in Sources */,
				6BB1BAEB2189491700AA9286 /* AppDelegate.swift in Sources */,
			);
			runOnlyForDeploymentPostprocessing = 0;
		};
		6BB1BAF72189491900AA9286 /* Sources */ = {
			isa = PBXSourcesBuildPhase;
			buildActionMask = 2147483647;
			files = (
				6BB1BB002189491900AA9286 /* skipListTests.swift in Sources */,
			);
			runOnlyForDeploymentPostprocessing = 0;
		};
/* End PBXSourcesBuildPhase section */

/* Begin PBXTargetDependency section */
		6BB1BAFD2189491900AA9286 /* PBXTargetDependency */ = {
			isa = PBXTargetDependency;
			target = 6BB1BAE62189491700AA9286 /* skipList */;
			targetProxy = 6BB1BAFC2189491900AA9286 /* PBXContainerItemProxy */;
		};
/* End PBXTargetDependency section */

/* Begin PBXVariantGroup section */
		6BB1BAEE2189491700AA9286 /* Main.storyboard */ = {
			isa = PBXVariantGroup;
			children = (
				6BB1BAEF2189491700AA9286 /* Base */,
			);
			name = Main.storyboard;
			sourceTree = "<group>";
		};
		6BB1BAF32189491900AA9286 /* LaunchScreen.storyboard */ = {
			isa = PBXVariantGroup;
			children = (
				6BB1BAF42189491900AA9286 /* Base */,
			);
			name = LaunchScreen.storyboard;
			sourceTree = "<group>";
		};
/* End PBXVariantGroup section */

/* Begin XCBuildConfiguration section */
		6BB1BB022189491900AA9286 /* Debug */ = {
			isa = XCBuildConfiguration;
			buildSettings = {
				ALWAYS_SEARCH_USER_PATHS = NO;
				CLANG_ANALYZER_NONNULL = YES;
				CLANG_ANALYZER_NUMBER_OBJECT_CONVERSION = YES_AGGRESSIVE;
				CLANG_CXX_LANGUAGE_STANDARD = "gnu++14";
				CLANG_CXX_LIBRARY = "libc++";
				CLANG_ENABLE_MODULES = YES;
				CLANG_ENABLE_OBJC_ARC = YES;
				CLANG_ENABLE_OBJC_WEAK = YES;
				CLANG_WARN_BLOCK_CAPTURE_AUTORELEASING = YES;
				CLANG_WARN_BOOL_CONVERSION = YES;
				CLANG_WARN_COMMA = YES;
				CLANG_WARN_CONSTANT_CONVERSION = YES;
				CLANG_WARN_DEPRECATED_OBJC_IMPLEMENTATIONS = YES;
				CLANG_WARN_DIRECT_OBJC_ISA_USAGE = YES_ERROR;
				CLANG_WARN_DOCUMENTATION_COMMENTS = YES;
				CLANG_WARN_EMPTY_BODY = YES;
				CLANG_WARN_ENUM_CONVERSION = YES;
				CLANG_WARN_INFINITE_RECURSION = YES;
				CLANG_WARN_INT_CONVERSION = YES;
				CLANG_WARN_NON_LITERAL_NULL_CONVERSION = YES;
				CLANG_WARN_OBJC_IMPLICIT_RETAIN_SELF = YES;
				CLANG_WARN_OBJC_LITERAL_CONVERSION = YES;
				CLANG_WARN_OBJC_ROOT_CLASS = YES_ERROR;
				CLANG_WARN_RANGE_LOOP_ANALYSIS = YES;
				CLANG_WARN_STRICT_PROTOTYPES = YES;
				CLANG_WARN_SUSPICIOUS_MOVE = YES;
				CLANG_WARN_UNGUARDED_AVAILABILITY = YES_AGGRESSIVE;
				CLANG_WARN_UNREACHABLE_CODE = YES;
				CLANG_WARN__DUPLICATE_METHOD_MATCH = YES;
				CODE_SIGN_IDENTITY = "iPhone Developer";
				COPY_PHASE_STRIP = NO;
				DEBUG_INFORMATION_FORMAT = dwarf;
				ENABLE_STRICT_OBJC_MSGSEND = YES;
				ENABLE_TESTABILITY = YES;
				GCC_C_LANGUAGE_STANDARD = gnu11;
				GCC_DYNAMIC_NO_PIC = NO;
				GCC_NO_COMMON_BLOCKS = YES;
				GCC_OPTIMIZATION_LEVEL = 0;
				GCC_PREPROCESSOR_DEFINITIONS = (
					"DEBUG=1",
					"$(inherited)",
				);
				GCC_WARN_64_TO_32_BIT_CONVERSION = YES;
				GCC_WARN_ABOUT_RETURN_TYPE = YES_ERROR;
				GCC_WARN_UNDECLARED_SELECTOR = YES;
				GCC_WARN_UNINITIALIZED_AUTOS = YES_AGGRESSIVE;
				GCC_WARN_UNUSED_FUNCTION = YES;
				GCC_WARN_UNUSED_VARIABLE = YES;
				IPHONEOS_DEPLOYMENT_TARGET = 12.0;
				MTL_ENABLE_DEBUG_INFO = INCLUDE_SOURCE;
				MTL_FAST_MATH = YES;
				ONLY_ACTIVE_ARCH = YES;
				SDKROOT = iphoneos;
				SWIFT_ACTIVE_COMPILATION_CONDITIONS = DEBUG;
				SWIFT_OPTIMIZATION_LEVEL = "-Onone";
			};
			name = Debug;
		};
		6BB1BB032189491900AA9286 /* Release */ = {
			isa = XCBuildConfiguration;
			buildSettings = {
				ALWAYS_SEARCH_USER_PATHS = NO;
				CLANG_ANALYZER_NONNULL = YES;
				CLANG_ANALYZER_NUMBER_OBJECT_CONVERSION = YES_AGGRESSIVE;
				CLANG_CXX_LANGUAGE_STANDARD = "gnu++14";
				CLANG_CXX_LIBRARY = "libc++";
				CLANG_ENABLE_MODULES = YES;
				CLANG_ENABLE_OBJC_ARC = YES;
				CLANG_ENABLE_OBJC_WEAK = YES;
				CLANG_WARN_BLOCK_CAPTURE_AUTORELEASING = YES;
				CLANG_WARN_BOOL_CONVERSION = YES;
				CLANG_WARN_COMMA = YES;
				CLANG_WARN_CONSTANT_CONVERSION = YES;
				CLANG_WARN_DEPRECATED_OBJC_IMPLEMENTATIONS = YES;
				CLANG_WARN_DIRECT_OBJC_ISA_USAGE = YES_ERROR;
				CLANG_WARN_DOCUMENTATION_COMMENTS = YES;
				CLANG_WARN_EMPTY_BODY = YES;
				CLANG_WARN_ENUM_CONVERSION = YES;
				CLANG_WARN_INFINITE_RECURSION = YES;
				CLANG_WARN_INT_CONVERSION = YES;
				CLANG_WARN_NON_LITERAL_NULL_CONVERSION = YES;
				CLANG_WARN_OBJC_IMPLICIT_RETAIN_SELF = YES;
				CLANG_WARN_OBJC_LITERAL_CONVERSION = YES;
				CLANG_WARN_OBJC_ROOT_CLASS = YES_ERROR;
				CLANG_WARN_RANGE_LOOP_ANALYSIS = YES;
				CLANG_WARN_STRICT_PROTOTYPES = YES;
				CLANG_WARN_SUSPICIOUS_MOVE = YES;
				CLANG_WARN_UNGUARDED_AVAILABILITY = YES_AGGRESSIVE;
				CLANG_WARN_UNREACHABLE_CODE = YES;
				CLANG_WARN__DUPLICATE_METHOD_MATCH = YES;
				CODE_SIGN_IDENTITY = "iPhone Developer";
				COPY_PHASE_STRIP = NO;
				DEBUG_INFORMATION_FORMAT = "dwarf-with-dsym";
				ENABLE_NS_ASSERTIONS = NO;
				ENABLE_STRICT_OBJC_MSGSEND = YES;
				GCC_C_LANGUAGE_STANDARD = gnu11;
				GCC_NO_COMMON_BLOCKS = YES;
				GCC_WARN_64_TO_32_BIT_CONVERSION = YES;
				GCC_WARN_ABOUT_RETURN_TYPE = YES_ERROR;
				GCC_WARN_UNDECLARED_SELECTOR = YES;
				GCC_WARN_UNINITIALIZED_AUTOS = YES_AGGRESSIVE;
				GCC_WARN_UNUSED_FUNCTION = YES;
				GCC_WARN_UNUSED_VARIABLE = YES;
				IPHONEOS_DEPLOYMENT_TARGET = 12.0;
				MTL_ENABLE_DEBUG_INFO = NO;
				MTL_FAST_MATH = YES;
				SDKROOT = iphoneos;
				SWIFT_COMPILATION_MODE = wholemodule;
				SWIFT_OPTIMIZATION_LEVEL = "-O";
				VALIDATE_PRODUCT = YES;
			};
			name = Release;
		};
		6BB1BB052189491900AA9286 /* Debug */ = {
			isa = XCBuildConfiguration;
			buildSettings = {
				ASSETCATALOG_COMPILER_APPICON_NAME = AppIcon;
				CODE_SIGN_STYLE = Automatic;
				DEVELOPMENT_TEAM = FGQL4DAEKC;
				INFOPLIST_FILE = skipList/Info.plist;
				LD_RUNPATH_SEARCH_PATHS = (
					"$(inherited)",
					"@executable_path/Frameworks",
				);
				PRODUCT_BUNDLE_IDENTIFIER = "algo-swift.skipList";
				PRODUCT_NAME = "$(TARGET_NAME)";
				SWIFT_VERSION = 4.2;
				TARGETED_DEVICE_FAMILY = "1,2";
			};
			name = Debug;
		};
		6BB1BB062189491900AA9286 /* Release */ = {
			isa = XCBuildConfiguration;
			buildSettings = {
				ASSETCATALOG_COMPILER_APPICON_NAME = AppIcon;
				CODE_SIGN_STYLE = Automatic;
				DEVELOPMENT_TEAM = FGQL4DAEKC;
				INFOPLIST_FILE = skipList/Info.plist;
				LD_RUNPATH_SEARCH_PATHS = (
					"$(inherited)",
					"@executable_path/Frameworks",
				);
				PRODUCT_BUNDLE_IDENTIFIER = "algo-swift.skipList";
				PRODUCT_NAME = "$(TARGET_NAME)";
				SWIFT_VERSION = 4.2;
				TARGETED_DEVICE_FAMILY = "1,2";
			};
			name = Release;
		};
		6BB1BB082189491900AA9286 /* Debug */ = {
			isa = XCBuildConfiguration;
			buildSettings = {
				ALWAYS_EMBED_SWIFT_STANDARD_LIBRARIES = YES;
				BUNDLE_LOADER = "$(TEST_HOST)";
				CODE_SIGN_STYLE = Automatic;
				DEVELOPMENT_TEAM = FGQL4DAEKC;
				INFOPLIST_FILE = skipListTests/Info.plist;
				LD_RUNPATH_SEARCH_PATHS = (
					"$(inherited)",
					"@executable_path/Frameworks",
					"@loader_path/Frameworks",
				);
				PRODUCT_BUNDLE_IDENTIFIER = "algo-swift.skipListTests";
				PRODUCT_NAME = "$(TARGET_NAME)";
				SWIFT_VERSION = 4.2;
				TARGETED_DEVICE_FAMILY = "1,2";
				TEST_HOST = "$(BUILT_PRODUCTS_DIR)/skipList.app/skipList";
			};
			name = Debug;
		};
		6BB1BB092189491900AA9286 /* Release */ = {
			isa = XCBuildConfiguration;
			buildSettings = {
				ALWAYS_EMBED_SWIFT_STANDARD_LIBRARIES = YES;
				BUNDLE_LOADER = "$(TEST_HOST)";
				CODE_SIGN_STYLE = Automatic;
				DEVELOPMENT_TEAM = FGQL4DAEKC;
				INFOPLIST_FILE = skipListTests/Info.plist;
				LD_RUNPATH_SEARCH_PATHS = (
					"$(inherited)",
					"@executable_path/Frameworks",
					"@loader_path/Frameworks",
				);
				PRODUCT_BUNDLE_IDENTIFIER = "algo-swift.skipListTests";
				PRODUCT_NAME = "$(TARGET_NAME)";
				SWIFT_VERSION = 4.2;
				TARGETED_DEVICE_FAMILY = "1,2";
				TEST_HOST = "$(BUILT_PRODUCTS_DIR)/skipList.app/skipList";
			};
			name = Release;
		};
/* End XCBuildConfiguration section */

/* Begin XCConfigurationList section */
		6BB1BAE22189491700AA9286 /* Build configuration list for PBXProject "skipList" */ = {
			isa = XCConfigurationList;
			buildConfigurations = (
				6BB1BB022189491900AA9286 /* Debug */,
				6BB1BB032189491900AA9286 /* Release */,
			);
			defaultConfigurationIsVisible = 0;
			defaultConfigurationName = Release;
		};
		6BB1BB042189491900AA9286 /* Build configuration list for PBXNativeTarget "skipList" */ = {
			isa = XCConfigurationList;
			buildConfigurations = (
				6BB1BB052189491900AA9286 /* Debug */,
				6BB1BB062189491900AA9286 /* Release */,
			);
			defaultConfigurationIsVisible = 0;
			defaultConfigurationName = Release;
		};
		6BB1BB072189491900AA9286 /* Build configuration list for PBXNativeTarget "skipListTests" */ = {
			isa = XCConfigurationList;
			buildConfigurations = (
				6BB1BB082189491900AA9286 /* Debug */,
				6BB1BB092189491900AA9286 /* Release */,
			);
			defaultConfigurationIsVisible = 0;
			defaultConfigurationName = Release;
		};
/* End XCConfigurationList section */
	};
	rootObject = 6BB1BADF2189491700AA9286 /* Project object */;
}
